// !$*UTF8*$!
{
	archiveVersion = 1;
	classes = {
	};
	objectVersion = 55;
	objects = {

/* Begin PBXBuildFile section */
		1B7AA7E8273502BF00BD79E0 /* AppDelegate.swift in Sources */ = {isa = PBXBuildFile; fileRef = 1B7AA7E7273502BF00BD79E0 /* AppDelegate.swift */; };
		1B7AA7EA273502BF00BD79E0 /* SceneDelegate.swift in Sources */ = {isa = PBXBuildFile; fileRef = 1B7AA7E9273502BF00BD79E0 /* SceneDelegate.swift */; };
		1B7AA7EC273502BF00BD79E0 /* ViewController.swift in Sources */ = {isa = PBXBuildFile; fileRef = 1B7AA7EB273502BF00BD79E0 /* ViewController.swift */; };
		1B7AA7EF273502BF00BD79E0 /* Main.storyboard in Resources */ = {isa = PBXBuildFile; fileRef = 1B7AA7ED273502BF00BD79E0 /* Main.storyboard */; };
		1B7AA7F2273502BF00BD79E0 /* VeriParkCaseStudy.xcdatamodeld in Sources */ = {isa = PBXBuildFile; fileRef = 1B7AA7F0273502BF00BD79E0 /* VeriParkCaseStudy.xcdatamodeld */; };
		1B7AA7F4273502C700BD79E0 /* Assets.xcassets in Resources */ = {isa = PBXBuildFile; fileRef = 1B7AA7F3273502C700BD79E0 /* Assets.xcassets */; };
		1B7AA7F7273502C700BD79E0 /* LaunchScreen.storyboard in Resources */ = {isa = PBXBuildFile; fileRef = 1B7AA7F5273502C700BD79E0 /* LaunchScreen.storyboard */; };
		1B7AA802273502C800BD79E0 /* VeriParkCaseStudyTests.swift in Sources */ = {isa = PBXBuildFile; fileRef = 1B7AA801273502C800BD79E0 /* VeriParkCaseStudyTests.swift */; };
		1B7AA80C273502C800BD79E0 /* VeriParkCaseStudyUITests.swift in Sources */ = {isa = PBXBuildFile; fileRef = 1B7AA80B273502C800BD79E0 /* VeriParkCaseStudyUITests.swift */; };
		1B7AA80E273502C800BD79E0 /* VeriParkCaseStudyUITestsLaunchTests.swift in Sources */ = {isa = PBXBuildFile; fileRef = 1B7AA80D273502C800BD79E0 /* VeriParkCaseStudyUITestsLaunchTests.swift */; };
		1B7AA81C2735035700BD79E0 /* CryptoSwift in Frameworks */ = {isa = PBXBuildFile; productRef = 1B7AA81B2735035700BD79E0 /* CryptoSwift */; };
		1B7AA81E2735496300BD79E0 /* Models.swift in Sources */ = {isa = PBXBuildFile; fileRef = 1B7AA81D2735496300BD79E0 /* Models.swift */; };
		1B7AA8222736DBCE00BD79E0 /* RNCryptor in Frameworks */ = {isa = PBXBuildFile; productRef = 1B7AA8212736DBCE00BD79E0 /* RNCryptor */; };
		1B7AA85427399ECC00BD79E0 /* AuthModel.swift in Sources */ = {isa = PBXBuildFile; fileRef = 1B7AA85327399ECC00BD79E0 /* AuthModel.swift */; };
		1B7AA8562739A02300BD79E0 /* Cryption.swift in Sources */ = {isa = PBXBuildFile; fileRef = 1B7AA8552739A02300BD79E0 /* Cryption.swift */; };
		1B7AA858273AE3ED00BD79E0 /* StockListViewController.swift in Sources */ = {isa = PBXBuildFile; fileRef = 1B7AA857273AE3ED00BD79E0 /* StockListViewController.swift */; };
		1B7AA85C273AE5B800BD79E0 /* StockListTableViewCell.swift in Sources */ = {isa = PBXBuildFile; fileRef = 1B7AA85B273AE5B800BD79E0 /* StockListTableViewCell.swift */; };
		1B7AA860273BD00F00BD79E0 /* MainViewController.swift in Sources */ = {isa = PBXBuildFile; fileRef = 1B7AA85F273BD00E00BD79E0 /* MainViewController.swift */; };
		1B7AA862273C3CBB00BD79E0 /* StockListDetailViewController.swift in Sources */ = {isa = PBXBuildFile; fileRef = 1B7AA861273C3CBB00BD79E0 /* StockListDetailViewController.swift */; };
		1B7AA86A273C64BD00BD79E0 /* Charts in Frameworks */ = {isa = PBXBuildFile; productRef = 1B7AA869273C64BD00BD79E0 /* Charts */; };
		1B7AA86D273D2DF700BD79E0 /* SideMenu in Frameworks */ = {isa = PBXBuildFile; productRef = 1B7AA86C273D2DF700BD79E0 /* SideMenu */; };
		1B7AA871273D3A8F00BD79E0 /* SideMenu.swift in Sources */ = {isa = PBXBuildFile; fileRef = 1B7AA870273D3A8F00BD79E0 /* SideMenu.swift */; };
/* End PBXBuildFile section */

/* Begin PBXContainerItemProxy section */
		1B7AA7FE273502C800BD79E0 /* PBXContainerItemProxy */ = {
			isa = PBXContainerItemProxy;
			containerPortal = 1B7AA7DC273502BF00BD79E0 /* Project object */;
			proxyType = 1;
			remoteGlobalIDString = 1B7AA7E3273502BF00BD79E0;
			remoteInfo = VeriParkCaseStudy;
		};
		1B7AA808273502C800BD79E0 /* PBXContainerItemProxy */ = {
			isa = PBXContainerItemProxy;
			containerPortal = 1B7AA7DC273502BF00BD79E0 /* Project object */;
			proxyType = 1;
			remoteGlobalIDString = 1B7AA7E3273502BF00BD79E0;
			remoteInfo = VeriParkCaseStudy;
		};
/* End PBXContainerItemProxy section */

/* Begin PBXFileReference section */
		1B7AA7E4273502BF00BD79E0 /* VeriParkCaseStudy.app */ = {isa = PBXFileReference; explicitFileType = wrapper.application; includeInIndex = 0; path = VeriParkCaseStudy.app; sourceTree = BUILT_PRODUCTS_DIR; };
		1B7AA7E7273502BF00BD79E0 /* AppDelegate.swift */ = {isa = PBXFileReference; lastKnownFileType = sourcecode.swift; path = AppDelegate.swift; sourceTree = "<group>"; };
		1B7AA7E9273502BF00BD79E0 /* SceneDelegate.swift */ = {isa = PBXFileReference; lastKnownFileType = sourcecode.swift; path = SceneDelegate.swift; sourceTree = "<group>"; };
		1B7AA7EB273502BF00BD79E0 /* ViewController.swift */ = {isa = PBXFileReference; lastKnownFileType = sourcecode.swift; path = ViewController.swift; sourceTree = "<group>"; };
		1B7AA7EE273502BF00BD79E0 /* Base */ = {isa = PBXFileReference; lastKnownFileType = file.storyboard; name = Base; path = Base.lproj/Main.storyboard; sourceTree = "<group>"; };
		1B7AA7F1273502BF00BD79E0 /* VeriParkCaseStudy.xcdatamodel */ = {isa = PBXFileReference; lastKnownFileType = wrapper.xcdatamodel; path = VeriParkCaseStudy.xcdatamodel; sourceTree = "<group>"; };
		1B7AA7F3273502C700BD79E0 /* Assets.xcassets */ = {isa = PBXFileReference; lastKnownFileType = folder.assetcatalog; path = Assets.xcassets; sourceTree = "<group>"; };
		1B7AA7F6273502C700BD79E0 /* Base */ = {isa = PBXFileReference; lastKnownFileType = file.storyboard; name = Base; path = Base.lproj/LaunchScreen.storyboard; sourceTree = "<group>"; };
		1B7AA7F8273502C700BD79E0 /* Info.plist */ = {isa = PBXFileReference; lastKnownFileType = text.plist.xml; path = Info.plist; sourceTree = "<group>"; };
		1B7AA7FD273502C800BD79E0 /* VeriParkCaseStudyTests.xctest */ = {isa = PBXFileReference; explicitFileType = wrapper.cfbundle; includeInIndex = 0; path = VeriParkCaseStudyTests.xctest; sourceTree = BUILT_PRODUCTS_DIR; };
		1B7AA801273502C800BD79E0 /* VeriParkCaseStudyTests.swift */ = {isa = PBXFileReference; lastKnownFileType = sourcecode.swift; path = VeriParkCaseStudyTests.swift; sourceTree = "<group>"; };
		1B7AA807273502C800BD79E0 /* VeriParkCaseStudyUITests.xctest */ = {isa = PBXFileReference; explicitFileType = wrapper.cfbundle; includeInIndex = 0; path = VeriParkCaseStudyUITests.xctest; sourceTree = BUILT_PRODUCTS_DIR; };
		1B7AA80B273502C800BD79E0 /* VeriParkCaseStudyUITests.swift */ = {isa = PBXFileReference; lastKnownFileType = sourcecode.swift; path = VeriParkCaseStudyUITests.swift; sourceTree = "<group>"; };
		1B7AA80D273502C800BD79E0 /* VeriParkCaseStudyUITestsLaunchTests.swift */ = {isa = PBXFileReference; lastKnownFileType = sourcecode.swift; path = VeriParkCaseStudyUITestsLaunchTests.swift; sourceTree = "<group>"; };
		1B7AA81D2735496300BD79E0 /* Models.swift */ = {isa = PBXFileReference; lastKnownFileType = sourcecode.swift; path = Models.swift; sourceTree = "<group>"; };
		1B7AA85327399ECC00BD79E0 /* AuthModel.swift */ = {isa = PBXFileReference; lastKnownFileType = sourcecode.swift; path = AuthModel.swift; sourceTree = "<group>"; };
		1B7AA8552739A02300BD79E0 /* Cryption.swift */ = {isa = PBXFileReference; lastKnownFileType = sourcecode.swift; path = Cryption.swift; sourceTree = "<group>"; };
		1B7AA857273AE3ED00BD79E0 /* StockListViewController.swift */ = {isa = PBXFileReference; lastKnownFileType = sourcecode.swift; path = StockListViewController.swift; sourceTree = "<group>"; };
		1B7AA85B273AE5B800BD79E0 /* StockListTableViewCell.swift */ = {isa = PBXFileReference; lastKnownFileType = sourcecode.swift; path = StockListTableViewCell.swift; sourceTree = "<group>"; };
		1B7AA85F273BD00E00BD79E0 /* MainViewController.swift */ = {isa = PBXFileReference; lastKnownFileType = sourcecode.swift; path = MainViewController.swift; sourceTree = "<group>"; };
		1B7AA861273C3CBB00BD79E0 /* StockListDetailViewController.swift */ = {isa = PBXFileReference; lastKnownFileType = sourcecode.swift; path = StockListDetailViewController.swift; sourceTree = "<group>"; };
		1B7AA870273D3A8F00BD79E0 /* SideMenu.swift */ = {isa = PBXFileReference; lastKnownFileType = sourcecode.swift; path = SideMenu.swift; sourceTree = "<group>"; };
/* End PBXFileReference section */

/* Begin PBXFrameworksBuildPhase section */
		1B7AA7E1273502BF00BD79E0 /* Frameworks */ = {
			isa = PBXFrameworksBuildPhase;
			buildActionMask = 2147483647;
			files = (
				1B7AA8222736DBCE00BD79E0 /* RNCryptor in Frameworks */,
				1B7AA86A273C64BD00BD79E0 /* Charts in Frameworks */,
				1B7AA86D273D2DF700BD79E0 /* SideMenu in Frameworks */,
				1B7AA81C2735035700BD79E0 /* CryptoSwift in Frameworks */,
			);
			runOnlyForDeploymentPostprocessing = 0;
		};
		1B7AA7FA273502C800BD79E0 /* Frameworks */ = {
			isa = PBXFrameworksBuildPhase;
			buildActionMask = 2147483647;
			files = (
			);
			runOnlyForDeploymentPostprocessing = 0;
		};
		1B7AA804273502C800BD79E0 /* Frameworks */ = {
			isa = PBXFrameworksBuildPhase;
			buildActionMask = 2147483647;
			files = (
			);
			runOnlyForDeploymentPostprocessing = 0;
		};
/* End PBXFrameworksBuildPhase section */

/* Begin PBXGroup section */
		1B7AA7DB273502BF00BD79E0 = {
			isa = PBXGroup;
			children = (
				1B7AA7E6273502BF00BD79E0 /* VeriParkCaseStudy */,
				1B7AA800273502C800BD79E0 /* VeriParkCaseStudyTests */,
				1B7AA80A273502C800BD79E0 /* VeriParkCaseStudyUITests */,
				1B7AA7E5273502BF00BD79E0 /* Products */,
			);
			sourceTree = "<group>";
		};
		1B7AA7E5273502BF00BD79E0 /* Products */ = {
			isa = PBXGroup;
			children = (
				1B7AA7E4273502BF00BD79E0 /* VeriParkCaseStudy.app */,
				1B7AA7FD273502C800BD79E0 /* VeriParkCaseStudyTests.xctest */,
				1B7AA807273502C800BD79E0 /* VeriParkCaseStudyUITests.xctest */,
			);
			name = Products;
			sourceTree = "<group>";
		};
		1B7AA7E6273502BF00BD79E0 /* VeriParkCaseStudy */ = {
			isa = PBXGroup;
			children = (
				1B7AA877273DCCE400BD79E0 /* Support */,
				1B7AA876273DCA0000BD79E0 /* WebService */,
				1B7AA875273DC9E100BD79E0 /* View */,
				1B7AA874273DC9AB00BD79E0 /* Resources */,
				1B7AA873273DC99300BD79E0 /* Model */,
				1B7AA872273DC94F00BD79E0 /* Controllers */,
				1B7AA878273DCDB300BD79E0 /* Base.Iproj */,
				1B7AA7F8273502C700BD79E0 /* Info.plist */,
				1B7AA7F0273502BF00BD79E0 /* VeriParkCaseStudy.xcdatamodeld */,
			);
			path = VeriParkCaseStudy;
			sourceTree = "<group>";
		};
		1B7AA800273502C800BD79E0 /* VeriParkCaseStudyTests */ = {
			isa = PBXGroup;
			children = (
				1B7AA801273502C800BD79E0 /* VeriParkCaseStudyTests.swift */,
			);
			path = VeriParkCaseStudyTests;
			sourceTree = "<group>";
		};
		1B7AA80A273502C800BD79E0 /* VeriParkCaseStudyUITests */ = {
			isa = PBXGroup;
			children = (
				1B7AA80B273502C800BD79E0 /* VeriParkCaseStudyUITests.swift */,
				1B7AA80D273502C800BD79E0 /* VeriParkCaseStudyUITestsLaunchTests.swift */,
			);
			path = VeriParkCaseStudyUITests;
			sourceTree = "<group>";
		};
		1B7AA872273DC94F00BD79E0 /* Controllers */ = {
			isa = PBXGroup;
			children = (
				1B7AA85F273BD00E00BD79E0 /* MainViewController.swift */,
				1B7AA861273C3CBB00BD79E0 /* StockListDetailViewController.swift */,
				1B7AA857273AE3ED00BD79E0 /* StockListViewController.swift */,
			);
			path = Controllers;
			sourceTree = "<group>";
		};
		1B7AA873273DC99300BD79E0 /* Model */ = {
			isa = PBXGroup;
			children = (
				1B7AA81D2735496300BD79E0 /* Models.swift */,
				1B7AA85327399ECC00BD79E0 /* AuthModel.swift */,
			);
			path = Model;
			sourceTree = "<group>";
		};
		1B7AA874273DC9AB00BD79E0 /* Resources */ = {
			isa = PBXGroup;
			children = (
				1B7AA8552739A02300BD79E0 /* Cryption.swift */,
				1B7AA870273D3A8F00BD79E0 /* SideMenu.swift */,
			);
			path = Resources;
			sourceTree = "<group>";
		};
		1B7AA875273DC9E100BD79E0 /* View */ = {
			isa = PBXGroup;
			children = (
				1B7AA85B273AE5B800BD79E0 /* StockListTableViewCell.swift */,
			);
			path = View;
			sourceTree = "<group>";
		};
		1B7AA876273DCA0000BD79E0 /* WebService */ = {
			isa = PBXGroup;
			children = (
				1B7AA7EB273502BF00BD79E0 /* ViewController.swift */,
			);
			path = WebService;
			sourceTree = "<group>";
		};
		1B7AA877273DCCE400BD79E0 /* Support */ = {
			isa = PBXGroup;
			children = (
				1B7AA7E9273502BF00BD79E0 /* SceneDelegate.swift */,
				1B7AA7E7273502BF00BD79E0 /* AppDelegate.swift */,
			);
			path = Support;
			sourceTree = "<group>";
		};
		1B7AA878273DCDB300BD79E0 /* Base.Iproj */ = {
			isa = PBXGroup;
			children = (
				1B7AA7ED273502BF00BD79E0 /* Main.storyboard */,
				1B7AA7F5273502C700BD79E0 /* LaunchScreen.storyboard */,
				1B7AA7F3273502C700BD79E0 /* Assets.xcassets */,
			);
			path = Base.Iproj;
			sourceTree = "<group>";
		};
/* End PBXGroup section */

/* Begin PBXNativeTarget section */
		1B7AA7E3273502BF00BD79E0 /* VeriParkCaseStudy */ = {
			isa = PBXNativeTarget;
			buildConfigurationList = 1B7AA811273502C800BD79E0 /* Build configuration list for PBXNativeTarget "VeriParkCaseStudy" */;
			buildPhases = (
				1B7AA7E0273502BF00BD79E0 /* Sources */,
				1B7AA7E1273502BF00BD79E0 /* Frameworks */,
				1B7AA7E2273502BF00BD79E0 /* Resources */,
			);
			buildRules = (
			);
			dependencies = (
			);
			name = VeriParkCaseStudy;
			packageProductDependencies = (
				1B7AA81B2735035700BD79E0 /* CryptoSwift */,
				1B7AA8212736DBCE00BD79E0 /* RNCryptor */,
				1B7AA869273C64BD00BD79E0 /* Charts */,
				1B7AA86C273D2DF700BD79E0 /* SideMenu */,
			);
			productName = VeriParkCaseStudy;
			productReference = 1B7AA7E4273502BF00BD79E0 /* VeriParkCaseStudy.app */;
			productType = "com.apple.product-type.application";
		};
		1B7AA7FC273502C800BD79E0 /* VeriParkCaseStudyTests */ = {
			isa = PBXNativeTarget;
			buildConfigurationList = 1B7AA814273502C800BD79E0 /* Build configuration list for PBXNativeTarget "VeriParkCaseStudyTests" */;
			buildPhases = (
				1B7AA7F9273502C800BD79E0 /* Sources */,
				1B7AA7FA273502C800BD79E0 /* Frameworks */,
				1B7AA7FB273502C800BD79E0 /* Resources */,
			);
			buildRules = (
			);
			dependencies = (
				1B7AA7FF273502C800BD79E0 /* PBXTargetDependency */,
			);
			name = VeriParkCaseStudyTests;
			productName = VeriParkCaseStudyTests;
			productReference = 1B7AA7FD273502C800BD79E0 /* VeriParkCaseStudyTests.xctest */;
			productType = "com.apple.product-type.bundle.unit-test";
		};
		1B7AA806273502C800BD79E0 /* VeriParkCaseStudyUITests */ = {
			isa = PBXNativeTarget;
			buildConfigurationList = 1B7AA817273502C800BD79E0 /* Build configuration list for PBXNativeTarget "VeriParkCaseStudyUITests" */;
			buildPhases = (
				1B7AA803273502C800BD79E0 /* Sources */,
				1B7AA804273502C800BD79E0 /* Frameworks */,
				1B7AA805273502C800BD79E0 /* Resources */,
			);
			buildRules = (
			);
			dependencies = (
				1B7AA809273502C800BD79E0 /* PBXTargetDependency */,
			);
			name = VeriParkCaseStudyUITests;
			productName = VeriParkCaseStudyUITests;
			productReference = 1B7AA807273502C800BD79E0 /* VeriParkCaseStudyUITests.xctest */;
			productType = "com.apple.product-type.bundle.ui-testing";
		};
/* End PBXNativeTarget section */

/* Begin PBXProject section */
		1B7AA7DC273502BF00BD79E0 /* Project object */ = {
			isa = PBXProject;
			attributes = {
				BuildIndependentTargetsInParallel = 1;
				LastSwiftUpdateCheck = 1310;
				LastUpgradeCheck = 1310;
				TargetAttributes = {
					1B7AA7E3273502BF00BD79E0 = {
						CreatedOnToolsVersion = 13.1;
					};
					1B7AA7FC273502C800BD79E0 = {
						CreatedOnToolsVersion = 13.1;
						TestTargetID = 1B7AA7E3273502BF00BD79E0;
					};
					1B7AA806273502C800BD79E0 = {
						CreatedOnToolsVersion = 13.1;
						TestTargetID = 1B7AA7E3273502BF00BD79E0;
					};
				};
			};
			buildConfigurationList = 1B7AA7DF273502BF00BD79E0 /* Build configuration list for PBXProject "VeriParkCaseStudy" */;
			compatibilityVersion = "Xcode 13.0";
			developmentRegion = en;
			hasScannedForEncodings = 0;
			knownRegions = (
				en,
				Base,
			);
			mainGroup = 1B7AA7DB273502BF00BD79E0;
			packageReferences = (
				1B7AA81A2735035700BD79E0 /* XCRemoteSwiftPackageReference "CryptoSwift" */,
				1B7AA8202736DBCE00BD79E0 /* XCRemoteSwiftPackageReference "RNCryptor" */,
				1B7AA868273C64BD00BD79E0 /* XCRemoteSwiftPackageReference "Charts" */,
				1B7AA86B273D2DF500BD79E0 /* XCRemoteSwiftPackageReference "SideMenu" */,
			);
			productRefGroup = 1B7AA7E5273502BF00BD79E0 /* Products */;
			projectDirPath = "";
			projectRoot = "";
			targets = (
				1B7AA7E3273502BF00BD79E0 /* VeriParkCaseStudy */,
				1B7AA7FC273502C800BD79E0 /* VeriParkCaseStudyTests */,
				1B7AA806273502C800BD79E0 /* VeriParkCaseStudyUITests */,
			);
		};
/* End PBXProject section */

/* Begin PBXResourcesBuildPhase section */
		1B7AA7E2273502BF00BD79E0 /* Resources */ = {
			isa = PBXResourcesBuildPhase;
			buildActionMask = 2147483647;
			files = (
				1B7AA7F7273502C700BD79E0 /* LaunchScreen.storyboard in Resources */,
				1B7AA7F4273502C700BD79E0 /* Assets.xcassets in Resources */,
				1B7AA7EF273502BF00BD79E0 /* Main.storyboard in Resources */,
			);
			runOnlyForDeploymentPostprocessing = 0;
		};
		1B7AA7FB273502C800BD79E0 /* Resources */ = {
			isa = PBXResourcesBuildPhase;
			buildActionMask = 2147483647;
			files = (
			);
			runOnlyForDeploymentPostprocessing = 0;
		};
		1B7AA805273502C800BD79E0 /* Resources */ = {
			isa = PBXResourcesBuildPhase;
			buildActionMask = 2147483647;
			files = (
			);
			runOnlyForDeploymentPostprocessing = 0;
		};
/* End PBXResourcesBuildPhase section */

/* Begin PBXSourcesBuildPhase section */
		1B7AA7E0273502BF00BD79E0 /* Sources */ = {
			isa = PBXSourcesBuildPhase;
			buildActionMask = 2147483647;
			files = (
				1B7AA7EC273502BF00BD79E0 /* ViewController.swift in Sources */,
				1B7AA8562739A02300BD79E0 /* Cryption.swift in Sources */,
				1B7AA85427399ECC00BD79E0 /* AuthModel.swift in Sources */,
				1B7AA871273D3A8F00BD79E0 /* SideMenu.swift in Sources */,
				1B7AA862273C3CBB00BD79E0 /* StockListDetailViewController.swift in Sources */,
				1B7AA860273BD00F00BD79E0 /* MainViewController.swift in Sources */,
				1B7AA7E8273502BF00BD79E0 /* AppDelegate.swift in Sources */,
				1B7AA85C273AE5B800BD79E0 /* StockListTableViewCell.swift in Sources */,
				1B7AA7EA273502BF00BD79E0 /* SceneDelegate.swift in Sources */,
				1B7AA7F2273502BF00BD79E0 /* VeriParkCaseStudy.xcdatamodeld in Sources */,
				1B7AA81E2735496300BD79E0 /* Models.swift in Sources */,
				1B7AA858273AE3ED00BD79E0 /* StockListViewController.swift in Sources */,
			);
			runOnlyForDeploymentPostprocessing = 0;
		};
		1B7AA7F9273502C800BD79E0 /* Sources */ = {
			isa = PBXSourcesBuildPhase;
			buildActionMask = 2147483647;
			files = (
				1B7AA802273502C800BD79E0 /* VeriParkCaseStudyTests.swift in Sources */,
			);
			runOnlyForDeploymentPostprocessing = 0;
		};
		1B7AA803273502C800BD79E0 /* Sources */ = {
			isa = PBXSourcesBuildPhase;
			buildActionMask = 2147483647;
			files = (
				1B7AA80E273502C800BD79E0 /* VeriParkCaseStudyUITestsLaunchTests.swift in Sources */,
				1B7AA80C273502C800BD79E0 /* VeriParkCaseStudyUITests.swift in Sources */,
			);
			runOnlyForDeploymentPostprocessing = 0;
		};
/* End PBXSourcesBuildPhase section */

/* Begin PBXTargetDependency section */
		1B7AA7FF273502C800BD79E0 /* PBXTargetDependency */ = {
			isa = PBXTargetDependency;
			target = 1B7AA7E3273502BF00BD79E0 /* VeriParkCaseStudy */;
			targetProxy = 1B7AA7FE273502C800BD79E0 /* PBXContainerItemProxy */;
		};
		1B7AA809273502C800BD79E0 /* PBXTargetDependency */ = {
			isa = PBXTargetDependency;
			target = 1B7AA7E3273502BF00BD79E0 /* VeriParkCaseStudy */;
			targetProxy = 1B7AA808273502C800BD79E0 /* PBXContainerItemProxy */;
		};
/* End PBXTargetDependency section */

/* Begin PBXVariantGroup section */
		1B7AA7ED273502BF00BD79E0 /* Main.storyboard */ = {
			isa = PBXVariantGroup;
			children = (
				1B7AA7EE273502BF00BD79E0 /* Base */,
			);
			name = Main.storyboard;
			sourceTree = "<group>";
		};
		1B7AA7F5273502C700BD79E0 /* LaunchScreen.storyboard */ = {
			isa = PBXVariantGroup;
			children = (
				1B7AA7F6273502C700BD79E0 /* Base */,
			);
			name = LaunchScreen.storyboard;
			sourceTree = "<group>";
		};
/* End PBXVariantGroup section */

/* Begin XCBuildConfiguration section */
		1B7AA80F273502C800BD79E0 /* Debug */ = {
			isa = XCBuildConfiguration;
			buildSettings = {
				ALWAYS_SEARCH_USER_PATHS = NO;
				CLANG_ANALYZER_NONNULL = YES;
				CLANG_ANALYZER_NUMBER_OBJECT_CONVERSION = YES_AGGRESSIVE;
				CLANG_CXX_LANGUAGE_STANDARD = "gnu++17";
				CLANG_CXX_LIBRARY = "libc++";
				CLANG_ENABLE_MODULES = YES;
				CLANG_ENABLE_OBJC_ARC = YES;
				CLANG_ENABLE_OBJC_WEAK = YES;
				CLANG_WARN_BLOCK_CAPTURE_AUTORELEASING = YES;
				CLANG_WARN_BOOL_CONVERSION = YES;
				CLANG_WARN_COMMA = YES;
				CLANG_WARN_CONSTANT_CONVERSION = YES;
				CLANG_WARN_DEPRECATED_OBJC_IMPLEMENTATIONS = YES;
				CLANG_WARN_DIRECT_OBJC_ISA_USAGE = YES_ERROR;
				CLANG_WARN_DOCUMENTATION_COMMENTS = YES;
				CLANG_WARN_EMPTY_BODY = YES;
				CLANG_WARN_ENUM_CONVERSION = YES;
				CLANG_WARN_INFINITE_RECURSION = YES;
				CLANG_WARN_INT_CONVERSION = YES;
				CLANG_WARN_NON_LITERAL_NULL_CONVERSION = YES;
				CLANG_WARN_OBJC_IMPLICIT_RETAIN_SELF = YES;
				CLANG_WARN_OBJC_LITERAL_CONVERSION = YES;
				CLANG_WARN_OBJC_ROOT_CLASS = YES_ERROR;
				CLANG_WARN_QUOTED_INCLUDE_IN_FRAMEWORK_HEADER = YES;
				CLANG_WARN_RANGE_LOOP_ANALYSIS = YES;
				CLANG_WARN_STRICT_PROTOTYPES = YES;
				CLANG_WARN_SUSPICIOUS_MOVE = YES;
				CLANG_WARN_UNGUARDED_AVAILABILITY = YES_AGGRESSIVE;
				CLANG_WARN_UNREACHABLE_CODE = YES;
				CLANG_WARN__DUPLICATE_METHOD_MATCH = YES;
				COPY_PHASE_STRIP = NO;
				DEBUG_INFORMATION_FORMAT = dwarf;
				ENABLE_STRICT_OBJC_MSGSEND = YES;
				ENABLE_TESTABILITY = YES;
				GCC_C_LANGUAGE_STANDARD = gnu11;
				GCC_DYNAMIC_NO_PIC = NO;
				GCC_NO_COMMON_BLOCKS = YES;
				GCC_OPTIMIZATION_LEVEL = 0;
				GCC_PREPROCESSOR_DEFINITIONS = (
					"DEBUG=1",
					"$(inherited)",
				);
				GCC_WARN_64_TO_32_BIT_CONVERSION = YES;
				GCC_WARN_ABOUT_RETURN_TYPE = YES_ERROR;
				GCC_WARN_UNDECLARED_SELECTOR = YES;
				GCC_WARN_UNINITIALIZED_AUTOS = YES_AGGRESSIVE;
				GCC_WARN_UNUSED_FUNCTION = YES;
				GCC_WARN_UNUSED_VARIABLE = YES;
				IPHONEOS_DEPLOYMENT_TARGET = 15.0;
				MTL_ENABLE_DEBUG_INFO = INCLUDE_SOURCE;
				MTL_FAST_MATH = YES;
				ONLY_ACTIVE_ARCH = YES;
				SDKROOT = iphoneos;
				SWIFT_ACTIVE_COMPILATION_CONDITIONS = DEBUG;
				SWIFT_OPTIMIZATION_LEVEL = "-Onone";
			};
			name = Debug;
		};
		1B7AA810273502C800BD79E0 /* Release */ = {
			isa = XCBuildConfiguration;
			buildSettings = {
				ALWAYS_SEARCH_USER_PATHS = NO;
				CLANG_ANALYZER_NONNULL = YES;
				CLANG_ANALYZER_NUMBER_OBJECT_CONVERSION = YES_AGGRESSIVE;
				CLANG_CXX_LANGUAGE_STANDARD = "gnu++17";
				CLANG_CXX_LIBRARY = "libc++";
				CLANG_ENABLE_MODULES = YES;
				CLANG_ENABLE_OBJC_ARC = YES;
				CLANG_ENABLE_OBJC_WEAK = YES;
				CLANG_WARN_BLOCK_CAPTURE_AUTORELEASING = YES;
				CLANG_WARN_BOOL_CONVERSION = YES;
				CLANG_WARN_COMMA = YES;
				CLANG_WARN_CONSTANT_CONVERSION = YES;
				CLANG_WARN_DEPRECATED_OBJC_IMPLEMENTATIONS = YES;
				CLANG_WARN_DIRECT_OBJC_ISA_USAGE = YES_ERROR;
				CLANG_WARN_DOCUMENTATION_COMMENTS = YES;
				CLANG_WARN_EMPTY_BODY = YES;
				CLANG_WARN_ENUM_CONVERSION = YES;
				CLANG_WARN_INFINITE_RECURSION = YES;
				CLANG_WARN_INT_CONVERSION = YES;
				CLANG_WARN_NON_LITERAL_NULL_CONVERSION = YES;
				CLANG_WARN_OBJC_IMPLICIT_RETAIN_SELF = YES;
				CLANG_WARN_OBJC_LITERAL_CONVERSION = YES;
				CLANG_WARN_OBJC_ROOT_CLASS = YES_ERROR;
				CLANG_WARN_QUOTED_INCLUDE_IN_FRAMEWORK_HEADER = YES;
				CLANG_WARN_RANGE_LOOP_ANALYSIS = YES;
				CLANG_WARN_STRICT_PROTOTYPES = YES;
				CLANG_WARN_SUSPICIOUS_MOVE = YES;
				CLANG_WARN_UNGUARDED_AVAILABILITY = YES_AGGRESSIVE;
				CLANG_WARN_UNREACHABLE_CODE = YES;
				CLANG_WARN__DUPLICATE_METHOD_MATCH = YES;
				COPY_PHASE_STRIP = NO;
				DEBUG_INFORMATION_FORMAT = "dwarf-with-dsym";
				ENABLE_NS_ASSERTIONS = NO;
				ENABLE_STRICT_OBJC_MSGSEND = YES;
				GCC_C_LANGUAGE_STANDARD = gnu11;
				GCC_NO_COMMON_BLOCKS = YES;
				GCC_WARN_64_TO_32_BIT_CONVERSION = YES;
				GCC_WARN_ABOUT_RETURN_TYPE = YES_ERROR;
				GCC_WARN_UNDECLARED_SELECTOR = YES;
				GCC_WARN_UNINITIALIZED_AUTOS = YES_AGGRESSIVE;
				GCC_WARN_UNUSED_FUNCTION = YES;
				GCC_WARN_UNUSED_VARIABLE = YES;
				IPHONEOS_DEPLOYMENT_TARGET = 15.0;
				MTL_ENABLE_DEBUG_INFO = NO;
				MTL_FAST_MATH = YES;
				SDKROOT = iphoneos;
				SWIFT_COMPILATION_MODE = wholemodule;
				SWIFT_OPTIMIZATION_LEVEL = "-O";
				VALIDATE_PRODUCT = YES;
			};
			name = Release;
		};
		1B7AA812273502C800BD79E0 /* Debug */ = {
			isa = XCBuildConfiguration;
			buildSettings = {
				ASSETCATALOG_COMPILER_APPICON_NAME = AppIcon;
				ASSETCATALOG_COMPILER_GLOBAL_ACCENT_COLOR_NAME = AccentColor;
				CODE_SIGN_STYLE = Automatic;
				CURRENT_PROJECT_VERSION = 1;
				DEVELOPMENT_TEAM = 5MNU4WM44M;
				GENERATE_INFOPLIST_FILE = YES;
				INFOPLIST_FILE = VeriParkCaseStudy/Info.plist;
				INFOPLIST_KEY_UIApplicationSupportsIndirectInputEvents = YES;
				INFOPLIST_KEY_UILaunchStoryboardName = LaunchScreen;
				INFOPLIST_KEY_UIMainStoryboardFile = Main;
				INFOPLIST_KEY_UISupportedInterfaceOrientations_iPad = "UIInterfaceOrientationPortrait UIInterfaceOrientationPortraitUpsideDown UIInterfaceOrientationLandscapeLeft UIInterfaceOrientationLandscapeRight";
				INFOPLIST_KEY_UISupportedInterfaceOrientations_iPhone = "UIInterfaceOrientationPortrait UIInterfaceOrientationLandscapeLeft UIInterfaceOrientationLandscapeRight";
				LD_RUNPATH_SEARCH_PATHS = (
					"$(inherited)",
					"@executable_path/Frameworks",
				);
				MARKETING_VERSION = 1.0;
				PRODUCT_BUNDLE_IDENTIFIER = com.sinankulen.VeriParkCaseStudy;
				PRODUCT_NAME = "$(TARGET_NAME)";
				SWIFT_EMIT_LOC_STRINGS = YES;
				SWIFT_VERSION = 5.0;
				TARGETED_DEVICE_FAMILY = "1,2";
			};
			name = Debug;
		};
		1B7AA813273502C800BD79E0 /* Release */ = {
			isa = XCBuildConfiguration;
			buildSettings = {
				ASSETCATALOG_COMPILER_APPICON_NAME = AppIcon;
				ASSETCATALOG_COMPILER_GLOBAL_ACCENT_COLOR_NAME = AccentColor;
				CODE_SIGN_STYLE = Automatic;
				CURRENT_PROJECT_VERSION = 1;
				DEVELOPMENT_TEAM = 5MNU4WM44M;
				GENERATE_INFOPLIST_FILE = YES;
				INFOPLIST_FILE = VeriParkCaseStudy/Info.plist;
				INFOPLIST_KEY_UIApplicationSupportsIndirectInputEvents = YES;
				INFOPLIST_KEY_UILaunchStoryboardName = LaunchScreen;
				INFOPLIST_KEY_UIMainStoryboardFile = Main;
				INFOPLIST_KEY_UISupportedInterfaceOrientations_iPad = "UIInterfaceOrientationPortrait UIInterfaceOrientationPortraitUpsideDown UIInterfaceOrientationLandscapeLeft UIInterfaceOrientationLandscapeRight";
				INFOPLIST_KEY_UISupportedInterfaceOrientations_iPhone = "UIInterfaceOrientationPortrait UIInterfaceOrientationLandscapeLeft UIInterfaceOrientationLandscapeRight";
				LD_RUNPATH_SEARCH_PATHS = (
					"$(inherited)",
					"@executable_path/Frameworks",
				);
				MARKETING_VERSION = 1.0;
				PRODUCT_BUNDLE_IDENTIFIER = com.sinankulen.VeriParkCaseStudy;
				PRODUCT_NAME = "$(TARGET_NAME)";
				SWIFT_EMIT_LOC_STRINGS = YES;
				SWIFT_VERSION = 5.0;
				TARGETED_DEVICE_FAMILY = "1,2";
			};
			name = Release;
		};
		1B7AA815273502C800BD79E0 /* Debug */ = {
			isa = XCBuildConfiguration;
			buildSettings = {
				ALWAYS_EMBED_SWIFT_STANDARD_LIBRARIES = YES;
				BUNDLE_LOADER = "$(TEST_HOST)";
				CODE_SIGN_STYLE = Automatic;
				CURRENT_PROJECT_VERSION = 1;
				DEVELOPMENT_TEAM = 5MNU4WM44M;
				GENERATE_INFOPLIST_FILE = YES;
				IPHONEOS_DEPLOYMENT_TARGET = 15.0;
				LD_RUNPATH_SEARCH_PATHS = (
					"$(inherited)",
					"@executable_path/Frameworks",
					"@loader_path/Frameworks",
				);
				MARKETING_VERSION = 1.0;
				PRODUCT_BUNDLE_IDENTIFIER = com.sinankulen.VeriParkCaseStudyTests;
				PRODUCT_NAME = "$(TARGET_NAME)";
				SWIFT_EMIT_LOC_STRINGS = NO;
				SWIFT_VERSION = 5.0;
				TARGETED_DEVICE_FAMILY = "1,2";
				TEST_HOST = "$(BUILT_PRODUCTS_DIR)/VeriParkCaseStudy.app/VeriParkCaseStudy";
			};
			name = Debug;
		};
		1B7AA816273502C800BD79E0 /* Release */ = {
			isa = XCBuildConfiguration;
			buildSettings = {
				ALWAYS_EMBED_SWIFT_STANDARD_LIBRARIES = YES;
				BUNDLE_LOADER = "$(TEST_HOST)";
				CODE_SIGN_STYLE = Automatic;
				CURRENT_PROJECT_VERSION = 1;
				DEVELOPMENT_TEAM = 5MNU4WM44M;
				GENERATE_INFOPLIST_FILE = YES;
				IPHONEOS_DEPLOYMENT_TARGET = 15.0;
				LD_RUNPATH_SEARCH_PATHS = (
					"$(inherited)",
					"@executable_path/Frameworks",
					"@loader_path/Frameworks",
				);
				MARKETING_VERSION = 1.0;
				PRODUCT_BUNDLE_IDENTIFIER = com.sinankulen.VeriParkCaseStudyTests;
				PRODUCT_NAME = "$(TARGET_NAME)";
				SWIFT_EMIT_LOC_STRINGS = NO;
				SWIFT_VERSION = 5.0;
				TARGETED_DEVICE_FAMILY = "1,2";
				TEST_HOST = "$(BUILT_PRODUCTS_DIR)/VeriParkCaseStudy.app/VeriParkCaseStudy";
			};
			name = Release;
		};
		1B7AA818273502C800BD79E0 /* Debug */ = {
			isa = XCBuildConfiguration;
			buildSettings = {
				ALWAYS_EMBED_SWIFT_STANDARD_LIBRARIES = YES;
				CODE_SIGN_STYLE = Automatic;
				CURRENT_PROJECT_VERSION = 1;
				DEVELOPMENT_TEAM = 5MNU4WM44M;
				GENERATE_INFOPLIST_FILE = YES;
				LD_RUNPATH_SEARCH_PATHS = (
					"$(inherited)",
					"@executable_path/Frameworks",
					"@loader_path/Frameworks",
				);
				MARKETING_VERSION = 1.0;
				PRODUCT_BUNDLE_IDENTIFIER = com.sinankulen.VeriParkCaseStudyUITests;
				PRODUCT_NAME = "$(TARGET_NAME)";
				SWIFT_EMIT_LOC_STRINGS = NO;
				SWIFT_VERSION = 5.0;
				TARGETED_DEVICE_FAMILY = "1,2";
				TEST_TARGET_NAME = VeriParkCaseStudy;
			};
			name = Debug;
		};
		1B7AA819273502C800BD79E0 /* Release */ = {
			isa = XCBuildConfiguration;
			buildSettings = {
				ALWAYS_EMBED_SWIFT_STANDARD_LIBRARIES = YES;
				CODE_SIGN_STYLE = Automatic;
				CURRENT_PROJECT_VERSION = 1;
				DEVELOPMENT_TEAM = 5MNU4WM44M;
				GENERATE_INFOPLIST_FILE = YES;
				LD_RUNPATH_SEARCH_PATHS = (
					"$(inherited)",
					"@executable_path/Frameworks",
					"@loader_path/Frameworks",
				);
				MARKETING_VERSION = 1.0;
				PRODUCT_BUNDLE_IDENTIFIER = com.sinankulen.VeriParkCaseStudyUITests;
				PRODUCT_NAME = "$(TARGET_NAME)";
				SWIFT_EMIT_LOC_STRINGS = NO;
				SWIFT_VERSION = 5.0;
				TARGETED_DEVICE_FAMILY = "1,2";
				TEST_TARGET_NAME = VeriParkCaseStudy;
			};
			name = Release;
		};
/* End XCBuildConfiguration section */

/* Begin XCConfigurationList section */
		1B7AA7DF273502BF00BD79E0 /* Build configuration list for PBXProject "VeriParkCaseStudy" */ = {
			isa = XCConfigurationList;
			buildConfigurations = (
				1B7AA80F273502C800BD79E0 /* Debug */,
				1B7AA810273502C800BD79E0 /* Release */,
			);
			defaultConfigurationIsVisible = 0;
			defaultConfigurationName = Release;
		};
		1B7AA811273502C800BD79E0 /* Build configuration list for PBXNativeTarget "VeriParkCaseStudy" */ = {
			isa = XCConfigurationList;
			buildConfigurations = (
				1B7AA812273502C800BD79E0 /* Debug */,
				1B7AA813273502C800BD79E0 /* Release */,
			);
			defaultConfigurationIsVisible = 0;
			defaultConfigurationName = Release;
		};
		1B7AA814273502C800BD79E0 /* Build configuration list for PBXNativeTarget "VeriParkCaseStudyTests" */ = {
			isa = XCConfigurationList;
			buildConfigurations = (
				1B7AA815273502C800BD79E0 /* Debug */,
				1B7AA816273502C800BD79E0 /* Release */,
			);
			defaultConfigurationIsVisible = 0;
			defaultConfigurationName = Release;
		};
		1B7AA817273502C800BD79E0 /* Build configuration list for PBXNativeTarget "VeriParkCaseStudyUITests" */ = {
			isa = XCConfigurationList;
			buildConfigurations = (
				1B7AA818273502C800BD79E0 /* Debug */,
				1B7AA819273502C800BD79E0 /* Release */,
			);
			defaultConfigurationIsVisible = 0;
			defaultConfigurationName = Release;
		};
/* End XCConfigurationList section */

/* Begin XCRemoteSwiftPackageReference section */
		1B7AA81A2735035700BD79E0 /* XCRemoteSwiftPackageReference "CryptoSwift" */ = {
			isa = XCRemoteSwiftPackageReference;
			repositoryURL = "https://github.com/krzyzanowskim/CryptoSwift.git";
			requirement = {
				branch = main;
				kind = branch;
			};
		};
		1B7AA8202736DBCE00BD79E0 /* XCRemoteSwiftPackageReference "RNCryptor" */ = {
			isa = XCRemoteSwiftPackageReference;
			repositoryURL = "https://github.com/RNCryptor/RNCryptor.git";
			requirement = {
				branch = master;
				kind = branch;
			};
		};
		1B7AA868273C64BD00BD79E0 /* XCRemoteSwiftPackageReference "Charts" */ = {
			isa = XCRemoteSwiftPackageReference;
			repositoryURL = "https://github.com/danielgindi/Charts";
			requirement = {
				kind = exactVersion;
				version = 4.0.1;
			};
		};
		1B7AA86B273D2DF500BD79E0 /* XCRemoteSwiftPackageReference "SideMenu" */ = {
			isa = XCRemoteSwiftPackageReference;
			repositoryURL = "https://github.com/jonkykong/SideMenu.git";
			requirement = {
				kind = exactVersion;
				version = 6.5.0;
			};
		};
/* End XCRemoteSwiftPackageReference section */

/* Begin XCSwiftPackageProductDependency section */
		1B7AA81B2735035700BD79E0 /* CryptoSwift */ = {
			isa = XCSwiftPackageProductDependency;
			package = 1B7AA81A2735035700BD79E0 /* XCRemoteSwiftPackageReference "CryptoSwift" */;
			productName = CryptoSwift;
		};
		1B7AA8212736DBCE00BD79E0 /* RNCryptor */ = {
			isa = XCSwiftPackageProductDependency;
			package = 1B7AA8202736DBCE00BD79E0 /* XCRemoteSwiftPackageReference "RNCryptor" */;
			productName = RNCryptor;
		};
		1B7AA869273C64BD00BD79E0 /* Charts */ = {
			isa = XCSwiftPackageProductDependency;
			package = 1B7AA868273C64BD00BD79E0 /* XCRemoteSwiftPackageReference "Charts" */;
			productName = Charts;
		};
		1B7AA86C273D2DF700BD79E0 /* SideMenu */ = {
			isa = XCSwiftPackageProductDependency;
			package = 1B7AA86B273D2DF500BD79E0 /* XCRemoteSwiftPackageReference "SideMenu" */;
			productName = SideMenu;
		};
/* End XCSwiftPackageProductDependency section */

/* Begin XCVersionGroup section */
		1B7AA7F0273502BF00BD79E0 /* VeriParkCaseStudy.xcdatamodeld */ = {
			isa = XCVersionGroup;
			children = (
				1B7AA7F1273502BF00BD79E0 /* VeriParkCaseStudy.xcdatamodel */,
			);
			currentVersion = 1B7AA7F1273502BF00BD79E0 /* VeriParkCaseStudy.xcdatamodel */;
			path = VeriParkCaseStudy.xcdatamodeld;
			sourceTree = "<group>";
			versionGroupType = wrapper.xcdatamodel;
		};
/* End XCVersionGroup section */
	};
	rootObject = 1B7AA7DC273502BF00BD79E0 /* Project object */;
}
